
Microsoft Visual Studio Solution File, Format Version 12.00
# Visual Studio 2013
VisualStudioVersion = 12.0.21005.1
MinimumVisualStudioVersion = 10.0.40219.1
Project("{FAE04EC0-301F-11D3-BF4B-00C04F79EFBC}") = "CarritoCompras.Presentacion", "CarritoCompras.Presentacion\CarritoCompras.Presentacion.csproj", "{7920B2F8-FD44-4C37-BE09-93B9798C2FA8}"
	ProjectSection(ProjectDependencies) = postProject
		{186C9CB4-7D3F-4AD8-B3D8-8A5620A0EC8E} = {186C9CB4-7D3F-4AD8-B3D8-8A5620A0EC8E}
		{6313A6BA-4BC2-49EC-A174-6761278D76B7} = {6313A6BA-4BC2-49EC-A174-6761278D76B7}
	EndProjectSection
EndProject
Project("{2150E333-8FDC-42A3-9474-1A3956D46DE8}") = "1. Capa Presentacion", "1. Capa Presentacion", "{C33795DD-D873-404D-848D-850429C770C1}"
EndProject
Project("{2150E333-8FDC-42A3-9474-1A3956D46DE8}") = "4. Capa Dominio", "4. Capa Dominio", "{0767223C-F5E2-452B-9A06-C1E776B277F5}"
EndProject
Project("{2150E333-8FDC-42A3-9474-1A3956D46DE8}") = "5. Capa Infraestructura", "5. Capa Infraestructura", "{AA8E85C1-ABFF-4195-A04F-8CF84EC6BB30}"
EndProject
Project("{2150E333-8FDC-42A3-9474-1A3956D46DE8}") = "6. Capa Transversal", "6. Capa Transversal", "{5F6EA1A8-C688-4811-857D-CC4DA8BEC8E5}"
EndProject
Project("{2150E333-8FDC-42A3-9474-1A3956D46DE8}") = "7. Capa Pruebas", "7. Capa Pruebas", "{B00467CD-7CE2-4B03-B832-ED3DB7BF6074}"
EndProject
Project("{FAE04EC0-301F-11D3-BF4B-00C04F79EFBC}") = "CarritoCompras.Dominio", "CarritoCompras.Dominio\CarritoCompras.Dominio.csproj", "{C0190FFA-9423-46F4-B497-5C69221D77DA}"
EndProject
Project("{FAE04EC0-301F-11D3-BF4B-00C04F79EFBC}") = "CarritoCompras.Entidad", "CarritoCompras.Entidad\CarritoCompras.Entidad.csproj", "{B26AC094-85EC-4013-AF2C-C1D10E0C2E61}"
EndProject
Project("{2150E333-8FDC-42A3-9474-1A3956D46DE8}") = "3. Capa Servicio", "3. Capa Servicio", "{89E0C9B1-C299-42A8-B855-9B2CD0FA3563}"
EndProject
Project("{FAE04EC0-301F-11D3-BF4B-00C04F79EFBC}") = "CarritoCompras.Repositorio", "CarritoCompras.Repositorio\CarritoCompras.Repositorio.csproj", "{62167C8C-F461-4389-9D9A-9B9D302932E8}"
EndProject
Project("{FAE04EC0-301F-11D3-BF4B-00C04F79EFBC}") = "CarritoCompras.Utilitario", "CarritoCompras.Utilitario\CarritoCompras.Utilitario.csproj", "{B09F4E5F-BA22-4C70-9307-9F3ED7DBAC83}"
EndProject
Project("{FAE04EC0-301F-11D3-BF4B-00C04F79EFBC}") = "CarritoCompras.Testing", "CarritoCompras.Testing\CarritoCompras.Testing.csproj", "{F6A33F6B-14FD-49DC-B7FB-6DC15B2CA774}"
	ProjectSection(ProjectDependencies) = postProject
		{186C9CB4-7D3F-4AD8-B3D8-8A5620A0EC8E} = {186C9CB4-7D3F-4AD8-B3D8-8A5620A0EC8E}
	EndProjectSection
EndProject
Project("{FAE04EC0-301F-11D3-BF4B-00C04F79EFBC}") = "CarritoCompras.TaskService", "CarritoCompras.TaskService\CarritoCompras.TaskService.csproj", "{B2C745D1-A784-4B30-ACE5-0A41BE3DC8C5}"
EndProject
Project("{FAE04EC0-301F-11D3-BF4B-00C04F79EFBC}") = "CarritoCompras.EntityService", "CarritoCompras.EntityService\CarritoCompras.EntityService.csproj", "{186C9CB4-7D3F-4AD8-B3D8-8A5620A0EC8E}"
	ProjectSection(ProjectDependencies) = postProject
		{B2C745D1-A784-4B30-ACE5-0A41BE3DC8C5} = {B2C745D1-A784-4B30-ACE5-0A41BE3DC8C5}
		{D0E289EF-0F74-4DA3-B0F9-3F9ADE743E0B} = {D0E289EF-0F74-4DA3-B0F9-3F9ADE743E0B}
	EndProjectSection
EndProject
Project("{FAE04EC0-301F-11D3-BF4B-00C04F79EFBC}") = "CarritoCompras.UtilityService", "CarritoCompras.UtilityService\CarritoCompras.UtilityService.csproj", "{D0E289EF-0F74-4DA3-B0F9-3F9ADE743E0B}"
EndProject
Project("{FAE04EC0-301F-11D3-BF4B-00C04F79EFBC}") = "CarritoCompras.Agente", "CarritoCompras.Agente\CarritoCompras.Agente.csproj", "{BCEF5885-6345-46DD-ABB8-4153A248CA9F}"
	ProjectSection(ProjectDependencies) = postProject
		{186C9CB4-7D3F-4AD8-B3D8-8A5620A0EC8E} = {186C9CB4-7D3F-4AD8-B3D8-8A5620A0EC8E}
		{6313A6BA-4BC2-49EC-A174-6761278D76B7} = {6313A6BA-4BC2-49EC-A174-6761278D76B7}
		{B2C745D1-A784-4B30-ACE5-0A41BE3DC8C5} = {B2C745D1-A784-4B30-ACE5-0A41BE3DC8C5}
	EndProjectSection
EndProject
Project("{2150E333-8FDC-42A3-9474-1A3956D46DE8}") = "2. Capa Agente", "2. Capa Agente", "{77A2CCBD-B0A2-4E49-AFAD-75BB29D35160}"
EndProject
Project("{FAE04EC0-301F-11D3-BF4B-00C04F79EFBC}") = "CarritoCompras.Process", "CarritoCompras.Process\CarritoCompras.Process.csproj", "{6313A6BA-4BC2-49EC-A174-6761278D76B7}"
	ProjectSection(ProjectDependencies) = postProject
		{186C9CB4-7D3F-4AD8-B3D8-8A5620A0EC8E} = {186C9CB4-7D3F-4AD8-B3D8-8A5620A0EC8E}
		{B2C745D1-A784-4B30-ACE5-0A41BE3DC8C5} = {B2C745D1-A784-4B30-ACE5-0A41BE3DC8C5}
	EndProjectSection
EndProject
Global
	GlobalSection(SolutionConfigurationPlatforms) = preSolution
		Debug|Any CPU = Debug|Any CPU
		Release|Any CPU = Release|Any CPU
	EndGlobalSection
	GlobalSection(ProjectConfigurationPlatforms) = postSolution
		{7920B2F8-FD44-4C37-BE09-93B9798C2FA8}.Debug|Any CPU.ActiveCfg = Debug|Any CPU
		{7920B2F8-FD44-4C37-BE09-93B9798C2FA8}.Debug|Any CPU.Build.0 = Debug|Any CPU
		{7920B2F8-FD44-4C37-BE09-93B9798C2FA8}.Release|Any CPU.ActiveCfg = Release|Any CPU
		{7920B2F8-FD44-4C37-BE09-93B9798C2FA8}.Release|Any CPU.Build.0 = Release|Any CPU
		{C0190FFA-9423-46F4-B497-5C69221D77DA}.Debug|Any CPU.ActiveCfg = Debug|Any CPU
		{C0190FFA-9423-46F4-B497-5C69221D77DA}.Debug|Any CPU.Build.0 = Debug|Any CPU
		{C0190FFA-9423-46F4-B497-5C69221D77DA}.Release|Any CPU.ActiveCfg = Release|Any CPU
		{C0190FFA-9423-46F4-B497-5C69221D77DA}.Release|Any CPU.Build.0 = Release|Any CPU
		{B26AC094-85EC-4013-AF2C-C1D10E0C2E61}.Debug|Any CPU.ActiveCfg = Debug|Any CPU
		{B26AC094-85EC-4013-AF2C-C1D10E0C2E61}.Debug|Any CPU.Build.0 = Debug|Any CPU
		{B26AC094-85EC-4013-AF2C-C1D10E0C2E61}.Release|Any CPU.ActiveCfg = Release|Any CPU
		{B26AC094-85EC-4013-AF2C-C1D10E0C2E61}.Release|Any CPU.Build.0 = Release|Any CPU
		{62167C8C-F461-4389-9D9A-9B9D302932E8}.Debug|Any CPU.ActiveCfg = Debug|Any CPU
		{62167C8C-F461-4389-9D9A-9B9D302932E8}.Debug|Any CPU.Build.0 = Debug|Any CPU
		{62167C8C-F461-4389-9D9A-9B9D302932E8}.Release|Any CPU.ActiveCfg = Release|Any CPU
		{62167C8C-F461-4389-9D9A-9B9D302932E8}.Release|Any CPU.Build.0 = Release|Any CPU
		{B09F4E5F-BA22-4C70-9307-9F3ED7DBAC83}.Debug|Any CPU.ActiveCfg = Debug|Any CPU
		{B09F4E5F-BA22-4C70-9307-9F3ED7DBAC83}.Debug|Any CPU.Build.0 = Debug|Any CPU
		{B09F4E5F-BA22-4C70-9307-9F3ED7DBAC83}.Release|Any CPU.ActiveCfg = Release|Any CPU
		{B09F4E5F-BA22-4C70-9307-9F3ED7DBAC83}.Release|Any CPU.Build.0 = Release|Any CPU
		{F6A33F6B-14FD-49DC-B7FB-6DC15B2CA774}.Debug|Any CPU.ActiveCfg = Debug|Any CPU
		{F6A33F6B-14FD-49DC-B7FB-6DC15B2CA774}.Debug|Any CPU.Build.0 = Debug|Any CPU
		{F6A33F6B-14FD-49DC-B7FB-6DC15B2CA774}.Release|Any CPU.ActiveCfg = Release|Any CPU
		{F6A33F6B-14FD-49DC-B7FB-6DC15B2CA774}.Release|Any CPU.Build.0 = Release|Any CPU
		{B2C745D1-A784-4B30-ACE5-0A41BE3DC8C5}.Debug|Any CPU.ActiveCfg = Debug|Any CPU
		{B2C745D1-A784-4B30-ACE5-0A41BE3DC8C5}.Debug|Any CPU.Build.0 = Debug|Any CPU
		{B2C745D1-A784-4B30-ACE5-0A41BE3DC8C5}.Release|Any CPU.ActiveCfg = Release|Any CPU
		{B2C745D1-A784-4B30-ACE5-0A41BE3DC8C5}.Release|Any CPU.Build.0 = Release|Any CPU
		{186C9CB4-7D3F-4AD8-B3D8-8A5620A0EC8E}.Debug|Any CPU.ActiveCfg = Debug|Any CPU
		{186C9CB4-7D3F-4AD8-B3D8-8A5620A0EC8E}.Debug|Any CPU.Build.0 = Debug|Any CPU
		{186C9CB4-7D3F-4AD8-B3D8-8A5620A0EC8E}.Release|Any CPU.ActiveCfg = Release|Any CPU
		{186C9CB4-7D3F-4AD8-B3D8-8A5620A0EC8E}.Release|Any CPU.Build.0 = Release|Any CPU
		{D0E289EF-0F74-4DA3-B0F9-3F9ADE743E0B}.Debug|Any CPU.ActiveCfg = Debug|Any CPU
		{D0E289EF-0F74-4DA3-B0F9-3F9ADE743E0B}.Debug|Any CPU.Build.0 = Debug|Any CPU
		{D0E289EF-0F74-4DA3-B0F9-3F9ADE743E0B}.Release|Any CPU.ActiveCfg = Release|Any CPU
		{D0E289EF-0F74-4DA3-B0F9-3F9ADE743E0B}.Release|Any CPU.Build.0 = Release|Any CPU
		{BCEF5885-6345-46DD-ABB8-4153A248CA9F}.Debug|Any CPU.ActiveCfg = Debug|Any CPU
		{BCEF5885-6345-46DD-ABB8-4153A248CA9F}.Debug|Any CPU.Build.0 = Debug|Any CPU
		{BCEF5885-6345-46DD-ABB8-4153A248CA9F}.Release|Any CPU.ActiveCfg = Release|Any CPU
		{BCEF5885-6345-46DD-ABB8-4153A248CA9F}.Release|Any CPU.Build.0 = Release|Any CPU
		{6313A6BA-4BC2-49EC-A174-6761278D76B7}.Debug|Any CPU.ActiveCfg = Debug|Any CPU
		{6313A6BA-4BC2-49EC-A174-6761278D76B7}.Debug|Any CPU.Build.0 = Debug|Any CPU
		{6313A6BA-4BC2-49EC-A174-6761278D76B7}.Release|Any CPU.ActiveCfg = Release|Any CPU
		{6313A6BA-4BC2-49EC-A174-6761278D76B7}.Release|Any CPU.Build.0 = Release|Any CPU
	EndGlobalSection
	GlobalSection(SolutionProperties) = preSolution
		HideSolutionNode = FALSE
	EndGlobalSection
	GlobalSection(NestedProjects) = preSolution
		{7920B2F8-FD44-4C37-BE09-93B9798C2FA8} = {C33795DD-D873-404D-848D-850429C770C1}
		{C0190FFA-9423-46F4-B497-5C69221D77DA} = {0767223C-F5E2-452B-9A06-C1E776B277F5}
		{B26AC094-85EC-4013-AF2C-C1D10E0C2E61} = {0767223C-F5E2-452B-9A06-C1E776B277F5}
		{62167C8C-F461-4389-9D9A-9B9D302932E8} = {AA8E85C1-ABFF-4195-A04F-8CF84EC6BB30}
		{B09F4E5F-BA22-4C70-9307-9F3ED7DBAC83} = {5F6EA1A8-C688-4811-857D-CC4DA8BEC8E5}
		{F6A33F6B-14FD-49DC-B7FB-6DC15B2CA774} = {B00467CD-7CE2-4B03-B832-ED3DB7BF6074}
		{B2C745D1-A784-4B30-ACE5-0A41BE3DC8C5} = {89E0C9B1-C299-42A8-B855-9B2CD0FA3563}
		{186C9CB4-7D3F-4AD8-B3D8-8A5620A0EC8E} = {89E0C9B1-C299-42A8-B855-9B2CD0FA3563}
		{D0E289EF-0F74-4DA3-B0F9-3F9ADE743E0B} = {89E0C9B1-C299-42A8-B855-9B2CD0FA3563}
		{6313A6BA-4BC2-49EC-A174-6761278D76B7} = {89E0C9B1-C299-42A8-B855-9B2CD0FA3563}
		{BCEF5885-6345-46DD-ABB8-4153A248CA9F} = {77A2CCBD-B0A2-4E49-AFAD-75BB29D35160}
	EndGlobalSection
EndGlobal
